
Microsoft Visual Studio Solution File, Format Version 12.00
# Visual Studio Version 17
VisualStudioVersion = 17.0.31912.275
MinimumVisualStudioVersion = 10.0.40219.1
Project("{9A19103F-16F7-4668-BE54-9A1E7A4F7556}") = "Sandervanteinde.AdventOfCode", "Sandervanteinde.AdventOfCode\Sandervanteinde.AdventOfCode.csproj", "{D58B2418-E470-46ED-9F0D-07DF057213C4}"
EndProject
Project("{9A19103F-16F7-4668-BE54-9A1E7A4F7556}") = "Sandervanteinde.AdventOfCode.Solutions", "Sandervanteinde.AdventOfCode.Solutions\Sandervanteinde.AdventOfCode.Solutions.csproj", "{28B4B248-23E0-451A-AAAB-476BD14253CB}"
EndProject
Project("{9A19103F-16F7-4668-BE54-9A1E7A4F7556}") = "Sandervanteinde.AdventOfCode.Console", "Sandervanteinde.AdventOfCode.Console\Sandervanteinde.AdventOfCode.Console.csproj", "{5982E669-BEE9-4AB6-8770-A85CCE2BD850}"
EndProject
Project("{9A19103F-16F7-4668-BE54-9A1E7A4F7556}") = "Sandervanteinde.AdventOfCode.Solutions.Tests", "Sandervanteinde.AdventOfCode.Solutions.Tests\Sandervanteinde.AdventOfCode.Solutions.Tests.csproj", "{4F69F9D5-D55D-40A5-A904-45ECE1A81526}"
EndProject
Project("{2150E333-8FDC-42A3-9474-1A3956D46DE8}") = "Solution Items", "Solution Items", "{5E2A5E03-CCE0-49B3-AD8C-2C6E170358EB}"
	ProjectSection(SolutionItems) = preProject
		.editorconfig = .editorconfig
		.github\workflows\build-website.yml = .github\workflows\build-website.yml
	EndProjectSection
EndProject
Global
	GlobalSection(SolutionConfigurationPlatforms) = preSolution
		Debug|Any CPU = Debug|Any CPU
		Release|Any CPU = Release|Any CPU
	EndGlobalSection
	GlobalSection(ProjectConfigurationPlatforms) = postSolution
		{D58B2418-E470-46ED-9F0D-07DF057213C4}.Debug|Any CPU.ActiveCfg = Debug|Any CPU
		{D58B2418-E470-46ED-9F0D-07DF057213C4}.Debug|Any CPU.Build.0 = Debug|Any CPU
		{D58B2418-E470-46ED-9F0D-07DF057213C4}.Release|Any CPU.ActiveCfg = Release|Any CPU
		{D58B2418-E470-46ED-9F0D-07DF057213C4}.Release|Any CPU.Build.0 = Release|Any CPU
		{28B4B248-23E0-451A-AAAB-476BD14253CB}.Debug|Any CPU.ActiveCfg = Debug|Any CPU
		{28B4B248-23E0-451A-AAAB-476BD14253CB}.Debug|Any CPU.Build.0 = Debug|Any CPU
		{28B4B248-23E0-451A-AAAB-476BD14253CB}.Release|Any CPU.ActiveCfg = Release|Any CPU
		{28B4B248-23E0-451A-AAAB-476BD14253CB}.Release|Any CPU.Build.0 = Release|Any CPU
		{5982E669-BEE9-4AB6-8770-A85CCE2BD850}.Debug|Any CPU.ActiveCfg = Debug|Any CPU
		{5982E669-BEE9-4AB6-8770-A85CCE2BD850}.Debug|Any CPU.Build.0 = Debug|Any CPU
		{5982E669-BEE9-4AB6-8770-A85CCE2BD850}.Release|Any CPU.ActiveCfg = Release|Any CPU
		{5982E669-BEE9-4AB6-8770-A85CCE2BD850}.Release|Any CPU.Build.0 = Release|Any CPU
		{4F69F9D5-D55D-40A5-A904-45ECE1A81526}.Debug|Any CPU.ActiveCfg = Debug|Any CPU
		{4F69F9D5-D55D-40A5-A904-45ECE1A81526}.Debug|Any CPU.Build.0 = Debug|Any CPU
		{4F69F9D5-D55D-40A5-A904-45ECE1A81526}.Release|Any CPU.ActiveCfg = Release|Any CPU
		{4F69F9D5-D55D-40A5-A904-45ECE1A81526}.Release|Any CPU.Build.0 = Release|Any CPU
	EndGlobalSection
	GlobalSection(SolutionProperties) = preSolution
		HideSolutionNode = FALSE
	EndGlobalSection
	GlobalSection(ExtensibilityGlobals) = postSolution
		SolutionGuid = {5AB49B8A-419B-4CA9-B740-E151A2C52E8C}
	EndGlobalSection
EndGlobal
